
Microsoft Visual Studio Solution File, Format Version 12.00
# Visual Studio 2013
VisualStudioVersion = 12.0.40629.0
MinimumVisualStudioVersion = 10.0.40219.1
Project("{FAE04EC0-301F-11D3-BF4B-00C04F79EFBC}") = "SportsStore.Domain", "SportsStore.Domain\SportsStore.Domain.csproj", "{47C5F562-677B-48F6-9835-27E435E25693}"
EndProject
Project("{FAE04EC0-301F-11D3-BF4B-00C04F79EFBC}") = "SportsStore.WebUI", "SportsStore.WebUI\SportsStore.WebUI.csproj", "{6C537D52-4C41-4303-A8E5-D28D11728E65}"
EndProject
Project("{FAE04EC0-301F-11D3-BF4B-00C04F79EFBC}") = "SportsStore.UnitTests", "SportsStore.UnitTests\SportsStore.UnitTests.csproj", "{B83E9160-E2E6-4DFC-9579-373B744A11EB}"
EndProject
Global
	GlobalSection(SolutionConfigurationPlatforms) = preSolution
		Debug|Any CPU = Debug|Any CPU
		Release|Any CPU = Release|Any CPU
	EndGlobalSection
	GlobalSection(ProjectConfigurationPlatforms) = postSolution
		{47C5F562-677B-48F6-9835-27E435E25693}.Debug|Any CPU.ActiveCfg = Debug|Any CPU
		{47C5F562-677B-48F6-9835-27E435E25693}.Debug|Any CPU.Build.0 = Debug|Any CPU
		{47C5F562-677B-48F6-9835-27E435E25693}.Release|Any CPU.ActiveCfg = Release|Any CPU
		{47C5F562-677B-48F6-9835-27E435E25693}.Release|Any CPU.Build.0 = Release|Any CPU
		{6C537D52-4C41-4303-A8E5-D28D11728E65}.Debug|Any CPU.ActiveCfg = Debug|Any CPU
		{6C537D52-4C41-4303-A8E5-D28D11728E65}.Debug|Any CPU.Build.0 = Debug|Any CPU
		{6C537D52-4C41-4303-A8E5-D28D11728E65}.Release|Any CPU.ActiveCfg = Release|Any CPU
		{6C537D52-4C41-4303-A8E5-D28D11728E65}.Release|Any CPU.Build.0 = Release|Any CPU
		{B83E9160-E2E6-4DFC-9579-373B744A11EB}.Debug|Any CPU.ActiveCfg = Debug|Any CPU
		{B83E9160-E2E6-4DFC-9579-373B744A11EB}.Debug|Any CPU.Build.0 = Debug|Any CPU
		{B83E9160-E2E6-4DFC-9579-373B744A11EB}.Release|Any CPU.ActiveCfg = Release|Any CPU
		{B83E9160-E2E6-4DFC-9579-373B744A11EB}.Release|Any CPU.Build.0 = Release|Any CPU
	EndGlobalSection
	GlobalSection(SolutionProperties) = preSolution
		HideSolutionNode = FALSE
	EndGlobalSection
EndGlobal
